// !$*UTF8*$!
{
	archiveVersion = 1;
	classes = {
	};
	objectVersion = 51;
	objects = {

/* Begin PBXBuildFile section */
		22D830607EEB50705FD035EE /* Pods_Ecommerce_App.framework in Frameworks */ = {isa = PBXBuildFile; fileRef = 1D1DBDDA0990B43293EAF60B /* Pods_Ecommerce_App.framework */; };
		D70426E8246337F500EB1D04 /* AppDelegate.swift in Sources */ = {isa = PBXBuildFile; fileRef = D70426E7246337F500EB1D04 /* AppDelegate.swift */; };
		D70426EA246337F500EB1D04 /* SceneDelegate.swift in Sources */ = {isa = PBXBuildFile; fileRef = D70426E9246337F500EB1D04 /* SceneDelegate.swift */; };
		D70426EC246337F500EB1D04 /* LoginVC.swift in Sources */ = {isa = PBXBuildFile; fileRef = D70426EB246337F500EB1D04 /* LoginVC.swift */; };
		D70426EF246337F500EB1D04 /* Main.storyboard in Resources */ = {isa = PBXBuildFile; fileRef = D70426ED246337F500EB1D04 /* Main.storyboard */; };
		D70426F2246337F500EB1D04 /* Ecommerce_App.xcdatamodeld in Sources */ = {isa = PBXBuildFile; fileRef = D70426F0246337F500EB1D04 /* Ecommerce_App.xcdatamodeld */; };
		D70426F4246337FB00EB1D04 /* Assets.xcassets in Resources */ = {isa = PBXBuildFile; fileRef = D70426F3246337FB00EB1D04 /* Assets.xcassets */; };
		D70426F7246337FB00EB1D04 /* LaunchScreen.storyboard in Resources */ = {isa = PBXBuildFile; fileRef = D70426F5246337FB00EB1D04 /* LaunchScreen.storyboard */; };
		D70427012463989E00EB1D04 /* RegisterVC.swift in Sources */ = {isa = PBXBuildFile; fileRef = D70427002463989E00EB1D04 /* RegisterVC.swift */; };
		D7AACEFB2463A6F000A75F8E /* API.swift in Sources */ = {isa = PBXBuildFile; fileRef = D7AACEFA2463A6F000A75F8E /* API.swift */; };
		D7AACEFF2463A7F900A75F8E /* LoginModel.swift in Sources */ = {isa = PBXBuildFile; fileRef = D7AACEFE2463A7F900A75F8E /* LoginModel.swift */; };
		D7AACF012463A94E00A75F8E /* NETWORKMANAGER.swift in Sources */ = {isa = PBXBuildFile; fileRef = D7AACF002463A94E00A75F8E /* NETWORKMANAGER.swift */; };
		D7AACF082463AE9700A75F8E /* RegisterModel.swift in Sources */ = {isa = PBXBuildFile; fileRef = D7AACF072463AE9700A75F8E /* RegisterModel.swift */; };
		D7AACF0A2463B59200A75F8E /* Home.storyboard in Resources */ = {isa = PBXBuildFile; fileRef = D7AACF092463B59200A75F8E /* Home.storyboard */; };
		D7AACF0C2463B7B700A75F8E /* HomeVC.swift in Sources */ = {isa = PBXBuildFile; fileRef = D7AACF0B2463B7B700A75F8E /* HomeVC.swift */; };
		D7AACF102463BC5400A75F8E /* MainTabBar.swift in Sources */ = {isa = PBXBuildFile; fileRef = D7AACF0F2463BC5400A75F8E /* MainTabBar.swift */; };
		D7AACF122463BF9000A75F8E /* Compines.swift in Sources */ = {isa = PBXBuildFile; fileRef = D7AACF112463BF9000A75F8E /* Compines.swift */; };
		D7AACF142463C12E00A75F8E /* NetworkMangar.swift in Sources */ = {isa = PBXBuildFile; fileRef = D7AACF132463C12E00A75F8E /* NetworkMangar.swift */; };
		D7AACF162463C3AB00A75F8E /* HomeCollectionCell.swift in Sources */ = {isa = PBXBuildFile; fileRef = D7AACF152463C3AB00A75F8E /* HomeCollectionCell.swift */; };
		D7AACF182463C49C00A75F8E /* KingFisher.swift in Sources */ = {isa = PBXBuildFile; fileRef = D7AACF172463C49C00A75F8E /* KingFisher.swift */; };
		D7AACF2124647F9A00A75F8E /* DetailsVC.swift in Sources */ = {isa = PBXBuildFile; fileRef = D7AACF2024647F9A00A75F8E /* DetailsVC.swift */; };
		D7AACF23246487A900A75F8E /* Details.swift in Sources */ = {isa = PBXBuildFile; fileRef = D7AACF22246487A900A75F8E /* Details.swift */; };
		D7AACF2524648A3100A75F8E /* NetworkHelper.swift in Sources */ = {isa = PBXBuildFile; fileRef = D7AACF2424648A3100A75F8E /* NetworkHelper.swift */; };
		D7AACF2724648CD400A75F8E /* DetailsCell.swift in Sources */ = {isa = PBXBuildFile; fileRef = D7AACF2624648CD400A75F8E /* DetailsCell.swift */; };
		D7AACF292464A6DE00A75F8E /* CartResponse.swift in Sources */ = {isa = PBXBuildFile; fileRef = D7AACF282464A6DD00A75F8E /* CartResponse.swift */; };
		D7AACF2B2464E07300A75F8E /* CartVC.swift in Sources */ = {isa = PBXBuildFile; fileRef = D7AACF2A2464E07300A75F8E /* CartVC.swift */; };
		D7AACF2D2464ECFB00A75F8E /* CartTVC.swift in Sources */ = {isa = PBXBuildFile; fileRef = D7AACF2C2464ECFB00A75F8E /* CartTVC.swift */; };
/* End PBXBuildFile section */

/* Begin PBXFileReference section */
		1D1DBDDA0990B43293EAF60B /* Pods_Ecommerce_App.framework */ = {isa = PBXFileReference; explicitFileType = wrapper.framework; includeInIndex = 0; path = Pods_Ecommerce_App.framework; sourceTree = BUILT_PRODUCTS_DIR; };
		51C33C009DBE4F015B9A641E /* Pods-Ecommerce_App.debug.xcconfig */ = {isa = PBXFileReference; includeInIndex = 1; lastKnownFileType = text.xcconfig; name = "Pods-Ecommerce_App.debug.xcconfig"; path = "Target Support Files/Pods-Ecommerce_App/Pods-Ecommerce_App.debug.xcconfig"; sourceTree = "<group>"; };
		BC822DEF158841888B354A4E /* Pods-Ecommerce_App.release.xcconfig */ = {isa = PBXFileReference; includeInIndex = 1; lastKnownFileType = text.xcconfig; name = "Pods-Ecommerce_App.release.xcconfig"; path = "Target Support Files/Pods-Ecommerce_App/Pods-Ecommerce_App.release.xcconfig"; sourceTree = "<group>"; };
		D70426E4246337F500EB1D04 /* Ecommerce_App.app */ = {isa = PBXFileReference; explicitFileType = wrapper.application; includeInIndex = 0; path = Ecommerce_App.app; sourceTree = BUILT_PRODUCTS_DIR; };
		D70426E7246337F500EB1D04 /* AppDelegate.swift */ = {isa = PBXFileReference; lastKnownFileType = sourcecode.swift; path = AppDelegate.swift; sourceTree = "<group>"; };
		D70426E9246337F500EB1D04 /* SceneDelegate.swift */ = {isa = PBXFileReference; lastKnownFileType = sourcecode.swift; path = SceneDelegate.swift; sourceTree = "<group>"; };
		D70426EB246337F500EB1D04 /* LoginVC.swift */ = {isa = PBXFileReference; lastKnownFileType = sourcecode.swift; path = LoginVC.swift; sourceTree = "<group>"; };
		D70426EE246337F500EB1D04 /* Base */ = {isa = PBXFileReference; lastKnownFileType = file.storyboard; name = Base; path = Base.lproj/Main.storyboard; sourceTree = "<group>"; };
		D70426F1246337F500EB1D04 /* Ecommerce_App.xcdatamodel */ = {isa = PBXFileReference; lastKnownFileType = wrapper.xcdatamodel; path = Ecommerce_App.xcdatamodel; sourceTree = "<group>"; };
		D70426F3246337FB00EB1D04 /* Assets.xcassets */ = {isa = PBXFileReference; lastKnownFileType = folder.assetcatalog; path = Assets.xcassets; sourceTree = "<group>"; };
		D70426F6246337FB00EB1D04 /* Base */ = {isa = PBXFileReference; lastKnownFileType = file.storyboard; name = Base; path = Base.lproj/LaunchScreen.storyboard; sourceTree = "<group>"; };
		D70426F8246337FB00EB1D04 /* Info.plist */ = {isa = PBXFileReference; lastKnownFileType = text.plist.xml; path = Info.plist; sourceTree = "<group>"; };
		D70427002463989E00EB1D04 /* RegisterVC.swift */ = {isa = PBXFileReference; lastKnownFileType = sourcecode.swift; path = RegisterVC.swift; sourceTree = "<group>"; };
		D7AACEFA2463A6F000A75F8E /* API.swift */ = {isa = PBXFileReference; lastKnownFileType = sourcecode.swift; path = API.swift; sourceTree = "<group>"; };
		D7AACEFE2463A7F900A75F8E /* LoginModel.swift */ = {isa = PBXFileReference; lastKnownFileType = sourcecode.swift; path = LoginModel.swift; sourceTree = "<group>"; };
		D7AACF002463A94E00A75F8E /* NETWORKMANAGER.swift */ = {isa = PBXFileReference; lastKnownFileType = sourcecode.swift; path = NETWORKMANAGER.swift; sourceTree = "<group>"; };
		D7AACF072463AE9700A75F8E /* RegisterModel.swift */ = {isa = PBXFileReference; lastKnownFileType = sourcecode.swift; path = RegisterModel.swift; sourceTree = "<group>"; };
		D7AACF092463B59200A75F8E /* Home.storyboard */ = {isa = PBXFileReference; lastKnownFileType = file.storyboard; path = Home.storyboard; sourceTree = "<group>"; };
		D7AACF0B2463B7B700A75F8E /* HomeVC.swift */ = {isa = PBXFileReference; lastKnownFileType = sourcecode.swift; path = HomeVC.swift; sourceTree = "<group>"; };
		D7AACF0F2463BC5400A75F8E /* MainTabBar.swift */ = {isa = PBXFileReference; lastKnownFileType = sourcecode.swift; path = MainTabBar.swift; sourceTree = "<group>"; };
		D7AACF112463BF9000A75F8E /* Compines.swift */ = {isa = PBXFileReference; lastKnownFileType = sourcecode.swift; path = Compines.swift; sourceTree = "<group>"; };
		D7AACF132463C12E00A75F8E /* NetworkMangar.swift */ = {isa = PBXFileReference; lastKnownFileType = sourcecode.swift; path = NetworkMangar.swift; sourceTree = "<group>"; };
		D7AACF152463C3AB00A75F8E /* HomeCollectionCell.swift */ = {isa = PBXFileReference; lastKnownFileType = sourcecode.swift; path = HomeCollectionCell.swift; sourceTree = "<group>"; };
		D7AACF172463C49C00A75F8E /* KingFisher.swift */ = {isa = PBXFileReference; lastKnownFileType = sourcecode.swift; path = KingFisher.swift; sourceTree = "<group>"; };
		D7AACF2024647F9A00A75F8E /* DetailsVC.swift */ = {isa = PBXFileReference; lastKnownFileType = sourcecode.swift; path = DetailsVC.swift; sourceTree = "<group>"; };
		D7AACF22246487A900A75F8E /* Details.swift */ = {isa = PBXFileReference; lastKnownFileType = sourcecode.swift; path = Details.swift; sourceTree = "<group>"; };
		D7AACF2424648A3100A75F8E /* NetworkHelper.swift */ = {isa = PBXFileReference; lastKnownFileType = sourcecode.swift; path = NetworkHelper.swift; sourceTree = "<group>"; };
		D7AACF2624648CD400A75F8E /* DetailsCell.swift */ = {isa = PBXFileReference; lastKnownFileType = sourcecode.swift; path = DetailsCell.swift; sourceTree = "<group>"; };
		D7AACF282464A6DD00A75F8E /* CartResponse.swift */ = {isa = PBXFileReference; lastKnownFileType = sourcecode.swift; path = CartResponse.swift; sourceTree = "<group>"; };
		D7AACF2A2464E07300A75F8E /* CartVC.swift */ = {isa = PBXFileReference; lastKnownFileType = sourcecode.swift; path = CartVC.swift; sourceTree = "<group>"; };
		D7AACF2C2464ECFB00A75F8E /* CartTVC.swift */ = {isa = PBXFileReference; lastKnownFileType = sourcecode.swift; path = CartTVC.swift; sourceTree = "<group>"; };
/* End PBXFileReference section */

/* Begin PBXFrameworksBuildPhase section */
		D70426E1246337F500EB1D04 /* Frameworks */ = {
			isa = PBXFrameworksBuildPhase;
			buildActionMask = 2147483647;
			files = (
				22D830607EEB50705FD035EE /* Pods_Ecommerce_App.framework in Frameworks */,
			);
			runOnlyForDeploymentPostprocessing = 0;
		};
/* End PBXFrameworksBuildPhase section */

/* Begin PBXGroup section */
		258A9879E9766F0AC5BF413F /* Frameworks */ = {
			isa = PBXGroup;
			children = (
				1D1DBDDA0990B43293EAF60B /* Pods_Ecommerce_App.framework */,
			);
			name = Frameworks;
			sourceTree = "<group>";
		};
		D70426DB246337F500EB1D04 = {
			isa = PBXGroup;
			children = (
				D70426E6246337F500EB1D04 /* Ecommerce_App */,
				D70426E5246337F500EB1D04 /* Products */,
				EAADBC97A833AE7A86666475 /* Pods */,
				258A9879E9766F0AC5BF413F /* Frameworks */,
			);
			sourceTree = "<group>";
		};
		D70426E5246337F500EB1D04 /* Products */ = {
			isa = PBXGroup;
			children = (
				D70426E4246337F500EB1D04 /* Ecommerce_App.app */,
			);
			name = Products;
			sourceTree = "<group>";
		};
		D70426E6246337F500EB1D04 /* Ecommerce_App */ = {
			isa = PBXGroup;
			children = (
				D7AACEFA2463A6F000A75F8E /* API.swift */,
				D7AACF2424648A3100A75F8E /* NetworkHelper.swift */,
				D7AACF172463C49C00A75F8E /* KingFisher.swift */,
				D7AACF1E2463C92E00A75F8E /* Ecommerece */,
				D70426E7246337F500EB1D04 /* AppDelegate.swift */,
				D70426E9246337F500EB1D04 /* SceneDelegate.swift */,
				D70426F3246337FB00EB1D04 /* Assets.xcassets */,
				D70426F5246337FB00EB1D04 /* LaunchScreen.storyboard */,
				D70426F8246337FB00EB1D04 /* Info.plist */,
				D70426F0246337F500EB1D04 /* Ecommerce_App.xcdatamodeld */,
			);
			path = Ecommerce_App;
			sourceTree = "<group>";
		};
		D7AACEFC2463A7CA00A75F8E /* Login+Register */ = {
			isa = PBXGroup;
			children = (
				D7AACF022463AA4A00A75F8E /* Model */,
				D7AACF042463AA6600A75F8E /* View */,
				D7AACEFD2463A7DA00A75F8E /* Controller */,
			);
			path = "Login+Register";
			sourceTree = "<group>";
		};
		D7AACEFD2463A7DA00A75F8E /* Controller */ = {
			isa = PBXGroup;
			children = (
				D70426EB246337F500EB1D04 /* LoginVC.swift */,
				D70427002463989E00EB1D04 /* RegisterVC.swift */,
			);
			path = Controller;
			sourceTree = "<group>";
		};
		D7AACF022463AA4A00A75F8E /* Model */ = {
			isa = PBXGroup;
			children = (
				D7AACEFE2463A7F900A75F8E /* LoginModel.swift */,
				D7AACF072463AE9700A75F8E /* RegisterModel.swift */,
				D7AACF032463AA5300A75F8E /* Network */,
			);
			path = Model;
			sourceTree = "<group>";
		};
		D7AACF032463AA5300A75F8E /* Network */ = {
			isa = PBXGroup;
			children = (
				D7AACF002463A94E00A75F8E /* NETWORKMANAGER.swift */,
			);
			path = Network;
			sourceTree = "<group>";
		};
		D7AACF042463AA6600A75F8E /* View */ = {
			isa = PBXGroup;
			children = (
				D70426ED246337F500EB1D04 /* Main.storyboard */,
			);
			path = View;
			sourceTree = "<group>";
		};
		D7AACF192463C8B500A75F8E /* Home+MainTabBar */ = {
			isa = PBXGroup;
			children = (
				D7AACF1A2463C8DB00A75F8E /* Model */,
				D7AACF1D2463C91500A75F8E /* View */,
				D7AACF1B2463C8E900A75F8E /* Controller */,
			);
			path = "Home+MainTabBar";
			sourceTree = "<group>";
		};
		D7AACF1A2463C8DB00A75F8E /* Model */ = {
			isa = PBXGroup;
			children = (
				D7AACF112463BF9000A75F8E /* Compines.swift */,
				D7AACF22246487A900A75F8E /* Details.swift */,
				D7AACF282464A6DD00A75F8E /* CartResponse.swift */,
				D7AACF1F2463C94800A75F8E /* NetworkManager */,
			);
			path = Model;
			sourceTree = "<group>";
		};
		D7AACF1B2463C8E900A75F8E /* Controller */ = {
			isa = PBXGroup;
			children = (
				D7AACF0F2463BC5400A75F8E /* MainTabBar.swift */,
				D7AACF0B2463B7B700A75F8E /* HomeVC.swift */,
				D7AACF2024647F9A00A75F8E /* DetailsVC.swift */,
				D7AACF2A2464E07300A75F8E /* CartVC.swift */,
				D7AACF1C2463C8F300A75F8E /* Cell */,
			);
			path = Controller;
			sourceTree = "<group>";
		};
		D7AACF1C2463C8F300A75F8E /* Cell */ = {
			isa = PBXGroup;
			children = (
				D7AACF152463C3AB00A75F8E /* HomeCollectionCell.swift */,
				D7AACF2624648CD400A75F8E /* DetailsCell.swift */,
				D7AACF2C2464ECFB00A75F8E /* CartTVC.swift */,
			);
			path = Cell;
			sourceTree = "<group>";
		};
		D7AACF1D2463C91500A75F8E /* View */ = {
			isa = PBXGroup;
			children = (
				D7AACF092463B59200A75F8E /* Home.storyboard */,
			);
			path = View;
			sourceTree = "<group>";
		};
		D7AACF1E2463C92E00A75F8E /* Ecommerece */ = {
			isa = PBXGroup;
			children = (
				D7AACEFC2463A7CA00A75F8E /* Login+Register */,
				D7AACF192463C8B500A75F8E /* Home+MainTabBar */,
			);
			path = Ecommerece;
			sourceTree = "<group>";
		};
		D7AACF1F2463C94800A75F8E /* NetworkManager */ = {
			isa = PBXGroup;
			children = (
				D7AACF132463C12E00A75F8E /* NetworkMangar.swift */,
			);
			path = NetworkManager;
			sourceTree = "<group>";
		};
		EAADBC97A833AE7A86666475 /* Pods */ = {
			isa = PBXGroup;
			children = (
				51C33C009DBE4F015B9A641E /* Pods-Ecommerce_App.debug.xcconfig */,
				BC822DEF158841888B354A4E /* Pods-Ecommerce_App.release.xcconfig */,
			);
			path = Pods;
			sourceTree = "<group>";
		};
/* End PBXGroup section */

/* Begin PBXNativeTarget section */
		D70426E3246337F500EB1D04 /* Ecommerce_App */ = {
			isa = PBXNativeTarget;
			buildConfigurationList = D70426FB246337FB00EB1D04 /* Build configuration list for PBXNativeTarget "Ecommerce_App" */;
			buildPhases = (
				2FEB0AE76CD35F8670ECE4C5 /* [CP] Check Pods Manifest.lock */,
				D70426E0246337F500EB1D04 /* Sources */,
				D70426E1246337F500EB1D04 /* Frameworks */,
				D70426E2246337F500EB1D04 /* Resources */,
				4D80D22DCE8E2BC699E382B1 /* [CP] Embed Pods Frameworks */,
			);
			buildRules = (
			);
			dependencies = (
			);
			name = Ecommerce_App;
			productName = Ecommerce_App;
			productReference = D70426E4246337F500EB1D04 /* Ecommerce_App.app */;
			productType = "com.apple.product-type.application";
		};
/* End PBXNativeTarget section */

/* Begin PBXProject section */
		D70426DC246337F500EB1D04 /* Project object */ = {
			isa = PBXProject;
			attributes = {
				LastSwiftUpdateCheck = 1140;
				LastUpgradeCheck = 1140;
				ORGANIZATIONNAME = "Hany Karam";
				TargetAttributes = {
					D70426E3246337F500EB1D04 = {
						CreatedOnToolsVersion = 11.4;
					};
				};
			};
			buildConfigurationList = D70426DF246337F500EB1D04 /* Build configuration list for PBXProject "Ecommerce_App" */;
			compatibilityVersion = "Xcode 9.3";
			developmentRegion = en;
			hasScannedForEncodings = 0;
			knownRegions = (
				en,
				Base,
			);
			mainGroup = D70426DB246337F500EB1D04;
			productRefGroup = D70426E5246337F500EB1D04 /* Products */;
			projectDirPath = "";
			projectRoot = "";
			targets = (
				D70426E3246337F500EB1D04 /* Ecommerce_App */,
			);
		};
/* End PBXProject section */

/* Begin PBXResourcesBuildPhase section */
		D70426E2246337F500EB1D04 /* Resources */ = {
			isa = PBXResourcesBuildPhase;
			buildActionMask = 2147483647;
			files = (
				D70426F7246337FB00EB1D04 /* LaunchScreen.storyboard in Resources */,
				D70426F4246337FB00EB1D04 /* Assets.xcassets in Resources */,
				D70426EF246337F500EB1D04 /* Main.storyboard in Resources */,
				D7AACF0A2463B59200A75F8E /* Home.storyboard in Resources */,
			);
			runOnlyForDeploymentPostprocessing = 0;
		};
/* End PBXResourcesBuildPhase section */

/* Begin PBXShellScriptBuildPhase section */
		2FEB0AE76CD35F8670ECE4C5 /* [CP] Check Pods Manifest.lock */ = {
			isa = PBXShellScriptBuildPhase;
			buildActionMask = 2147483647;
			files = (
			);
			inputFileListPaths = (
			);
			inputPaths = (
				"${PODS_PODFILE_DIR_PATH}/Podfile.lock",
				"${PODS_ROOT}/Manifest.lock",
			);
			name = "[CP] Check Pods Manifest.lock";
			outputFileListPaths = (
			);
			outputPaths = (
				"$(DERIVED_FILE_DIR)/Pods-Ecommerce_App-checkManifestLockResult.txt",
			);
			runOnlyForDeploymentPostprocessing = 0;
			shellPath = /bin/sh;
			shellScript = "diff \"${PODS_PODFILE_DIR_PATH}/Podfile.lock\" \"${PODS_ROOT}/Manifest.lock\" > /dev/null\nif [ $? != 0 ] ; then\n    # print error to STDERR\n    echo \"error: The sandbox is not in sync with the Podfile.lock. Run 'pod install' or update your CocoaPods installation.\" >&2\n    exit 1\nfi\n# This output is used by Xcode 'outputs' to avoid re-running this script phase.\necho \"SUCCESS\" > \"${SCRIPT_OUTPUT_FILE_0}\"\n";
			showEnvVarsInLog = 0;
		};
		4D80D22DCE8E2BC699E382B1 /* [CP] Embed Pods Frameworks */ = {
			isa = PBXShellScriptBuildPhase;
			buildActionMask = 2147483647;
			files = (
			);
			inputFileListPaths = (
				"${PODS_ROOT}/Target Support Files/Pods-Ecommerce_App/Pods-Ecommerce_App-frameworks-${CONFIGURATION}-input-files.xcfilelist",
			);
			name = "[CP] Embed Pods Frameworks";
			outputFileListPaths = (
				"${PODS_ROOT}/Target Support Files/Pods-Ecommerce_App/Pods-Ecommerce_App-frameworks-${CONFIGURATION}-output-files.xcfilelist",
			);
			runOnlyForDeploymentPostprocessing = 0;
			shellPath = /bin/sh;
			shellScript = "\"${PODS_ROOT}/Target Support Files/Pods-Ecommerce_App/Pods-Ecommerce_App-frameworks.sh\"\n";
			showEnvVarsInLog = 0;
		};
/* End PBXShellScriptBuildPhase section */

/* Begin PBXSourcesBuildPhase section */
		D70426E0246337F500EB1D04 /* Sources */ = {
			isa = PBXSourcesBuildPhase;
			buildActionMask = 2147483647;
			files = (
				D70426EC246337F500EB1D04 /* LoginVC.swift in Sources */,
				D7AACF0C2463B7B700A75F8E /* HomeVC.swift in Sources */,
				D7AACF2B2464E07300A75F8E /* CartVC.swift in Sources */,
				D7AACF2724648CD400A75F8E /* DetailsCell.swift in Sources */,
				D7AACEFF2463A7F900A75F8E /* LoginModel.swift in Sources */,
				D7AACF142463C12E00A75F8E /* NetworkMangar.swift in Sources */,
				D7AACF122463BF9000A75F8E /* Compines.swift in Sources */,
				D70426E8246337F500EB1D04 /* AppDelegate.swift in Sources */,
				D7AACF162463C3AB00A75F8E /* HomeCollectionCell.swift in Sources */,
				D7AACF182463C49C00A75F8E /* KingFisher.swift in Sources */,
				D7AACF102463BC5400A75F8E /* MainTabBar.swift in Sources */,
				D7AACF2124647F9A00A75F8E /* DetailsVC.swift in Sources */,
				D7AACF2524648A3100A75F8E /* NetworkHelper.swift in Sources */,
				D7AACF2D2464ECFB00A75F8E /* CartTVC.swift in Sources */,
				D70426F2246337F500EB1D04 /* Ecommerce_App.xcdatamodeld in Sources */,
				D7AACF012463A94E00A75F8E /* NETWORKMANAGER.swift in Sources */,
				D7AACF292464A6DE00A75F8E /* CartResponse.swift in Sources */,
				D70426EA246337F500EB1D04 /* SceneDelegate.swift in Sources */,
				D7AACF23246487A900A75F8E /* Details.swift in Sources */,
				D7AACEFB2463A6F000A75F8E /* API.swift in Sources */,
				D70427012463989E00EB1D04 /* RegisterVC.swift in Sources */,
				D7AACF082463AE9700A75F8E /* RegisterModel.swift in Sources */,
			);
			runOnlyForDeploymentPostprocessing = 0;
		};
/* End PBXSourcesBuildPhase section */

/* Begin PBXVariantGroup section */
		D70426ED246337F500EB1D04 /* Main.storyboard */ = {
			isa = PBXVariantGroup;
			children = (
				D70426EE246337F500EB1D04 /* Base */,
			);
			name = Main.storyboard;
			sourceTree = "<group>";
		};
		D70426F5246337FB00EB1D04 /* LaunchScreen.storyboard */ = {
			isa = PBXVariantGroup;
			children = (
				D70426F6246337FB00EB1D04 /* Base */,
			);
			name = LaunchScreen.storyboard;
			sourceTree = "<group>";
		};
/* End PBXVariantGroup section */

/* Begin XCBuildConfiguration section */
		D70426F9246337FB00EB1D04 /* Debug */ = {
			isa = XCBuildConfiguration;
			buildSettings = {
				ALWAYS_SEARCH_USER_PATHS = NO;
				CLANG_ANALYZER_NONNULL = YES;
				CLANG_ANALYZER_NUMBER_OBJECT_CONVERSION = YES_AGGRESSIVE;
				CLANG_CXX_LANGUAGE_STANDARD = "gnu++14";
				CLANG_CXX_LIBRARY = "libc++";
				CLANG_ENABLE_MODULES = YES;
				CLANG_ENABLE_OBJC_ARC = YES;
				CLANG_ENABLE_OBJC_WEAK = YES;
				CLANG_WARN_BLOCK_CAPTURE_AUTORELEASING = YES;
				CLANG_WARN_BOOL_CONVERSION = YES;
				CLANG_WARN_COMMA = YES;
				CLANG_WARN_CONSTANT_CONVERSION = YES;
				CLANG_WARN_DEPRECATED_OBJC_IMPLEMENTATIONS = YES;
				CLANG_WARN_DIRECT_OBJC_ISA_USAGE = YES_ERROR;
				CLANG_WARN_DOCUMENTATION_COMMENTS = YES;
				CLANG_WARN_EMPTY_BODY = YES;
				CLANG_WARN_ENUM_CONVERSION = YES;
				CLANG_WARN_INFINITE_RECURSION = YES;
				CLANG_WARN_INT_CONVERSION = YES;
				CLANG_WARN_NON_LITERAL_NULL_CONVERSION = YES;
				CLANG_WARN_OBJC_IMPLICIT_RETAIN_SELF = YES;
				CLANG_WARN_OBJC_LITERAL_CONVERSION = YES;
				CLANG_WARN_OBJC_ROOT_CLASS = YES_ERROR;
				CLANG_WARN_RANGE_LOOP_ANALYSIS = YES;
				CLANG_WARN_STRICT_PROTOTYPES = YES;
				CLANG_WARN_SUSPICIOUS_MOVE = YES;
				CLANG_WARN_UNGUARDED_AVAILABILITY = YES_AGGRESSIVE;
				CLANG_WARN_UNREACHABLE_CODE = YES;
				CLANG_WARN__DUPLICATE_METHOD_MATCH = YES;
				COPY_PHASE_STRIP = NO;
				DEBUG_INFORMATION_FORMAT = dwarf;
				ENABLE_STRICT_OBJC_MSGSEND = YES;
				ENABLE_TESTABILITY = YES;
				GCC_C_LANGUAGE_STANDARD = gnu11;
				GCC_DYNAMIC_NO_PIC = NO;
				GCC_NO_COMMON_BLOCKS = YES;
				GCC_OPTIMIZATION_LEVEL = 0;
				GCC_PREPROCESSOR_DEFINITIONS = (
					"DEBUG=1",
					"$(inherited)",
				);
				GCC_WARN_64_TO_32_BIT_CONVERSION = YES;
				GCC_WARN_ABOUT_RETURN_TYPE = YES_ERROR;
				GCC_WARN_UNDECLARED_SELECTOR = YES;
				GCC_WARN_UNINITIALIZED_AUTOS = YES_AGGRESSIVE;
				GCC_WARN_UNUSED_FUNCTION = YES;
				GCC_WARN_UNUSED_VARIABLE = YES;
				IPHONEOS_DEPLOYMENT_TARGET = 13.4;
				MTL_ENABLE_DEBUG_INFO = INCLUDE_SOURCE;
				MTL_FAST_MATH = YES;
				ONLY_ACTIVE_ARCH = YES;
				SDKROOT = iphoneos;
				SWIFT_ACTIVE_COMPILATION_CONDITIONS = DEBUG;
				SWIFT_OPTIMIZATION_LEVEL = "-Onone";
			};
			name = Debug;
		};
		D70426FA246337FB00EB1D04 /* Release */ = {
			isa = XCBuildConfiguration;
			buildSettings = {
				ALWAYS_SEARCH_USER_PATHS = NO;
				CLANG_ANALYZER_NONNULL = YES;
				CLANG_ANALYZER_NUMBER_OBJECT_CONVERSION = YES_AGGRESSIVE;
				CLANG_CXX_LANGUAGE_STANDARD = "gnu++14";
				CLANG_CXX_LIBRARY = "libc++";
				CLANG_ENABLE_MODULES = YES;
				CLANG_ENABLE_OBJC_ARC = YES;
				CLANG_ENABLE_OBJC_WEAK = YES;
				CLANG_WARN_BLOCK_CAPTURE_AUTORELEASING = YES;
				CLANG_WARN_BOOL_CONVERSION = YES;
				CLANG_WARN_COMMA = YES;
				CLANG_WARN_CONSTANT_CONVERSION = YES;
				CLANG_WARN_DEPRECATED_OBJC_IMPLEMENTATIONS = YES;
				CLANG_WARN_DIRECT_OBJC_ISA_USAGE = YES_ERROR;
				CLANG_WARN_DOCUMENTATION_COMMENTS = YES;
				CLANG_WARN_EMPTY_BODY = YES;
				CLANG_WARN_ENUM_CONVERSION = YES;
				CLANG_WARN_INFINITE_RECURSION = YES;
				CLANG_WARN_INT_CONVERSION = YES;
				CLANG_WARN_NON_LITERAL_NULL_CONVERSION = YES;
				CLANG_WARN_OBJC_IMPLICIT_RETAIN_SELF = YES;
				CLANG_WARN_OBJC_LITERAL_CONVERSION = YES;
				CLANG_WARN_OBJC_ROOT_CLASS = YES_ERROR;
				CLANG_WARN_RANGE_LOOP_ANALYSIS = YES;
				CLANG_WARN_STRICT_PROTOTYPES = YES;
				CLANG_WARN_SUSPICIOUS_MOVE = YES;
				CLANG_WARN_UNGUARDED_AVAILABILITY = YES_AGGRESSIVE;
				CLANG_WARN_UNREACHABLE_CODE = YES;
				CLANG_WARN__DUPLICATE_METHOD_MATCH = YES;
				COPY_PHASE_STRIP = NO;
				DEBUG_INFORMATION_FORMAT = "dwarf-with-dsym";
				ENABLE_NS_ASSERTIONS = NO;
				ENABLE_STRICT_OBJC_MSGSEND = YES;
				GCC_C_LANGUAGE_STANDARD = gnu11;
				GCC_NO_COMMON_BLOCKS = YES;
				GCC_WARN_64_TO_32_BIT_CONVERSION = YES;
				GCC_WARN_ABOUT_RETURN_TYPE = YES_ERROR;
				GCC_WARN_UNDECLARED_SELECTOR = YES;
				GCC_WARN_UNINITIALIZED_AUTOS = YES_AGGRESSIVE;
				GCC_WARN_UNUSED_FUNCTION = YES;
				GCC_WARN_UNUSED_VARIABLE = YES;
				IPHONEOS_DEPLOYMENT_TARGET = 13.4;
				MTL_ENABLE_DEBUG_INFO = NO;
				MTL_FAST_MATH = YES;
				SDKROOT = iphoneos;
				SWIFT_COMPILATION_MODE = wholemodule;
				SWIFT_OPTIMIZATION_LEVEL = "-O";
				VALIDATE_PRODUCT = YES;
			};
			name = Release;
		};
		D70426FC246337FB00EB1D04 /* Debug */ = {
			isa = XCBuildConfiguration;
			baseConfigurationReference = 51C33C009DBE4F015B9A641E /* Pods-Ecommerce_App.debug.xcconfig */;
			buildSettings = {
				ASSETCATALOG_COMPILER_APPICON_NAME = AppIcon;
				CODE_SIGN_STYLE = Automatic;
				INFOPLIST_FILE = Ecommerce_App/Info.plist;
				LD_RUNPATH_SEARCH_PATHS = (
					"$(inherited)",
					"@executable_path/Frameworks",
				);
				PRODUCT_BUNDLE_IDENTIFIER = "hany.Ecommerce-App";
				PRODUCT_NAME = "$(TARGET_NAME)";
				SWIFT_VERSION = 5.0;
				TARGETED_DEVICE_FAMILY = "1,2";
			};
			name = Debug;
		};
		D70426FD246337FB00EB1D04 /* Release */ = {
			isa = XCBuildConfiguration;
			baseConfigurationReference = BC822DEF158841888B354A4E /* Pods-Ecommerce_App.release.xcconfig */;
			buildSettings = {
				ASSETCATALOG_COMPILER_APPICON_NAME = AppIcon;
				CODE_SIGN_STYLE = Automatic;
				INFOPLIST_FILE = Ecommerce_App/Info.plist;
				LD_RUNPATH_SEARCH_PATHS = (
					"$(inherited)",
					"@executable_path/Frameworks",
				);
				PRODUCT_BUNDLE_IDENTIFIER = "hany.Ecommerce-App";
				PRODUCT_NAME = "$(TARGET_NAME)";
				SWIFT_VERSION = 5.0;
				TARGETED_DEVICE_FAMILY = "1,2";
			};
			name = Release;
		};
/* End XCBuildConfiguration section */

/* Begin XCConfigurationList section */
		D70426DF246337F500EB1D04 /* Build configuration list for PBXProject "Ecommerce_App" */ = {
			isa = XCConfigurationList;
			buildConfigurations = (
				D70426F9246337FB00EB1D04 /* Debug */,
				D70426FA246337FB00EB1D04 /* Release */,
			);
			defaultConfigurationIsVisible = 0;
			defaultConfigurationName = Release;
		};
		D70426FB246337FB00EB1D04 /* Build configuration list for PBXNativeTarget "Ecommerce_App" */ = {
			isa = XCConfigurationList;
			buildConfigurations = (
				D70426FC246337FB00EB1D04 /* Debug */,
				D70426FD246337FB00EB1D04 /* Release */,
			);
			defaultConfigurationIsVisible = 0;
			defaultConfigurationName = Release;
		};
/* End XCConfigurationList section */

/* Begin XCVersionGroup section */
		D70426F0246337F500EB1D04 /* Ecommerce_App.xcdatamodeld */ = {
			isa = XCVersionGroup;
			children = (
				D70426F1246337F500EB1D04 /* Ecommerce_App.xcdatamodel */,
			);
			currentVersion = D70426F1246337F500EB1D04 /* Ecommerce_App.xcdatamodel */;
			path = Ecommerce_App.xcdatamodeld;
			sourceTree = "<group>";
			versionGroupType = wrapper.xcdatamodel;
		};
/* End XCVersionGroup section */
	};
	rootObject = D70426DC246337F500EB1D04 /* Project object */;
}
